dependencies:
- name: redis
  repository: oci://registry-1.docker.io/bitnamicharts
  version: 18.1.6
- name: mysql
  repository: ""
  version: 1.8035.0
- name: mysql
  repository: ""
  version: 1.8035.0
- name: mysql
  repository: ""
  version: 1.8035.0
- name: mysql
  repository: ""
  version: 1.8035.0
- name: mysql
  repository: ""
  version: 1.8035.0
digest: sha256:a22d558f63fc8a2c69e98f6c18f0bdba633234956b18c78ce5d3a42eb7fce67b
generated: "2023-11-08T09:39:53.647826204+09:00"
